
Microsoft Visual Studio Solution File, Format Version 12.00
# Visual Studio Version 17
VisualStudioVersion = 17.0.31903.59
MinimumVisualStudioVersion = 10.0.40219.1
Project("{9A19103F-16F7-4668-BE54-9A1E7A4F7556}") = "ShareX", "ShareX\ShareX.csproj", "{8655ED8D-3D6B-4E29-A60E-8B62E4852618}"
EndProject
Project("{9A19103F-16F7-4668-BE54-9A1E7A4F7556}") = "ShareX.HelpersLib", "ShareX.HelpersLib\ShareX.HelpersLib.csproj", "{D9604844-C5AE-40C9-9602-DDB94AED9418}"
EndProject
Project("{9A19103F-16F7-4668-BE54-9A1E7A4F7556}") = "ShareX.HistoryLib", "ShareX.HistoryLib\ShareX.HistoryLib.csproj", "{7F70F9A9-C0F4-42D9-AA18-3049C110015E}"
EndProject
Project("{9A19103F-16F7-4668-BE54-9A1E7A4F7556}") = "ShareX.ImageEffectsLib", "ShareX.ImageEffectsLib\ShareX.ImageEffectsLib.csproj", "{A5F397D8-3483-4599-BFEF-60E088FD3115}"
EndProject
Project("{9A19103F-16F7-4668-BE54-9A1E7A4F7556}") = "ShareX.IndexerLib", "ShareX.IndexerLib\ShareX.IndexerLib.csproj", "{127C00AD-493C-4A52-8A39-1A30D48B0C9B}"
EndProject
Project("{9A19103F-16F7-4668-BE54-9A1E7A4F7556}") = "ShareX.MediaLib", "ShareX.MediaLib\ShareX.MediaLib.csproj", "{0F73E9E9-72AE-45D9-BADB-7A1A54063977}"
EndProject
Project("{9A19103F-16F7-4668-BE54-9A1E7A4F7556}") = "ShareX.NativeMessagingHost", "ShareX.NativeMessagingHost\ShareX.NativeMessagingHost.csproj", "{31EDB46C-55FF-4456-9262-D52D4B6DE271}"
EndProject
Project("{9A19103F-16F7-4668-BE54-9A1E7A4F7556}") = "ShareX.ScreenCaptureLib", "ShareX.ScreenCaptureLib\ShareX.ScreenCaptureLib.csproj", "{AF760781-DAF7-4479-9412-C9C43A59D092}"
EndProject
Project("{9A19103F-16F7-4668-BE54-9A1E7A4F7556}") = "ShareX.Setup", "ShareX.Setup\ShareX.Setup.csproj", "{ABF2CE0C-DC71-42EE-AFE1-5FCFEB98B9F0}"
EndProject
Project("{9A19103F-16F7-4668-BE54-9A1E7A4F7556}") = "ShareX.Steam", "ShareX.Steam\ShareX.Steam.csproj", "{69A6CADE-BDDC-49D8-8777-D9B27DF5FCDB}"
EndProject
Project("{9A19103F-16F7-4668-BE54-9A1E7A4F7556}") = "ShareX.UploadersLib", "ShareX.UploadersLib\ShareX.UploadersLib.csproj", "{E46AB82E-5320-40E0-A15C-805F9BEB92E9}"
EndProject
Global
	GlobalSection(SolutionConfigurationPlatforms) = preSolution
		Debug|Any CPU = Debug|Any CPU
		Debug|x64 = Debug|x64
		Debug|x86 = Debug|x86
		Release|Any CPU = Release|Any CPU
		Release|x64 = Release|x64
		Release|x86 = Release|x86
	EndGlobalSection
	GlobalSection(ProjectConfigurationPlatforms) = postSolution
		{8655ED8D-3D6B-4E29-A60E-8B62E4852618}.Debug|Any CPU.ActiveCfg = Debug|Any CPU
		{8655ED8D-3D6B-4E29-A60E-8B62E4852618}.Debug|Any CPU.Build.0 = Debug|Any CPU
		{8655ED8D-3D6B-4E29-A60E-8B62E4852618}.Debug|x64.ActiveCfg = Debug|x64
		{8655ED8D-3D6B-4E29-A60E-8B62E4852618}.Debug|x64.Build.0 = Debug|x64
		{8655ED8D-3D6B-4E29-A60E-8B62E4852618}.Debug|x86.ActiveCfg = Debug|x86
		{8655ED8D-3D6B-4E29-A60E-8B62E4852618}.Debug|x86.Build.0 = Debug|x86
		{8655ED8D-3D6B-4E29-A60E-8B62E4852618}.Release|Any CPU.ActiveCfg = Release|Any CPU
		{8655ED8D-3D6B-4E29-A60E-8B62E4852618}.Release|Any CPU.Build.0 = Release|Any CPU
		{8655ED8D-3D6B-4E29-A60E-8B62E4852618}.Release|x64.ActiveCfg = Release|x64
		{8655ED8D-3D6B-4E29-A60E-8B62E4852618}.Release|x64.Build.0 = Release|x64
		{8655ED8D-3D6B-4E29-A60E-8B62E4852618}.Release|x86.ActiveCfg = Release|x86
		{8655ED8D-3D6B-4E29-A60E-8B62E4852618}.Release|x86.Build.0 = Release|x86
		{D9604844-C5AE-40C9-9602-DDB94AED9418}.Debug|Any CPU.ActiveCfg = Debug|Any CPU
		{D9604844-C5AE-40C9-9602-DDB94AED9418}.Debug|Any CPU.Build.0 = Debug|Any CPU
		{D9604844-C5AE-40C9-9602-DDB94AED9418}.Debug|x64.ActiveCfg = Debug|x64
		{D9604844-C5AE-40C9-9602-DDB94AED9418}.Debug|x64.Build.0 = Debug|x64
		{D9604844-C5AE-40C9-9602-DDB94AED9418}.Debug|x86.ActiveCfg = Debug|x86
		{D9604844-C5AE-40C9-9602-DDB94AED9418}.Debug|x86.Build.0 = Debug|x86
		{D9604844-C5AE-40C9-9602-DDB94AED9418}.Release|Any CPU.ActiveCfg = Release|Any CPU
		{D9604844-C5AE-40C9-9602-DDB94AED9418}.Release|Any CPU.Build.0 = Release|Any CPU
		{D9604844-C5AE-40C9-9602-DDB94AED9418}.Release|x64.ActiveCfg = Release|x64
		{D9604844-C5AE-40C9-9602-DDB94AED9418}.Release|x64.Build.0 = Release|x64
		{D9604844-C5AE-40C9-9602-DDB94AED9418}.Release|x86.ActiveCfg = Release|x86
		{D9604844-C5AE-40C9-9602-DDB94AED9418}.Release|x86.Build.0 = Release|x86
		{7F70F9A9-C0F4-42D9-AA18-3049C110015E}.Debug|Any CPU.ActiveCfg = Debug|Any CPU
		{7F70F9A9-C0F4-42D9-AA18-3049C110015E}.Debug|Any CPU.Build.0 = Debug|Any CPU
		{7F70F9A9-C0F4-42D9-AA18-3049C110015E}.Debug|x64.ActiveCfg = Debug|x64
		{7F70F9A9-C0F4-42D9-AA18-3049C110015E}.Debug|x64.Build.0 = Debug|x64
		{7F70F9A9-C0F4-42D9-AA18-3049C110015E}.Debug|x86.ActiveCfg = Debug|x86
		{7F70F9A9-C0F4-42D9-AA18-3049C110015E}.Debug|x86.Build.0 = Debug|x86
		{7F70F9A9-C0F4-42D9-AA18-3049C110015E}.Release|Any CPU.ActiveCfg = Release|Any CPU
		{7F70F9A9-C0F4-42D9-AA18-3049C110015E}.Release|Any CPU.Build.0 = Release|Any CPU
		{7F70F9A9-C0F4-42D9-AA18-3049C110015E}.Release|x64.ActiveCfg = Release|x64
		{7F70F9A9-C0F4-42D9-AA18-3049C110015E}.Release|x64.Build.0 = Release|x64
		{7F70F9A9-C0F4-42D9-AA18-3049C110015E}.Release|x86.ActiveCfg = Release|x86
		{7F70F9A9-C0F4-42D9-AA18-3049C110015E}.Release|x86.Build.0 = Release|x86
		{A5F397D8-3483-4599-BFEF-60E088FD3115}.Debug|Any CPU.ActiveCfg = Debug|Any CPU
		{A5F397D8-3483-4599-BFEF-60E088FD3115}.Debug|Any CPU.Build.0 = Debug|Any CPU
		{A5F397D8-3483-4599-BFEF-60E088FD3115}.Debug|x64.ActiveCfg = Debug|x64
		{A5F397D8-3483-4599-BFEF-60E088FD3115}.Debug|x64.Build.0 = Debug|x64
		{A5F397D8-3483-4599-BFEF-60E088FD3115}.Debug|x86.ActiveCfg = Debug|x86
		{A5F397D8-3483-4599-BFEF-60E088FD3115}.Debug|x86.Build.0 = Debug|x86
		{A5F397D8-3483-4599-BFEF-60E088FD3115}.Release|Any CPU.ActiveCfg = Release|Any CPU
		{A5F397D8-3483-4599-BFEF-60E088FD3115}.Release|Any CPU.Build.0 = Release|Any CPU
		{A5F397D8-3483-4599-BFEF-60E088FD3115}.Release|x64.ActiveCfg = Release|x64
		{A5F397D8-3483-4599-BFEF-60E088FD3115}.Release|x64.Build.0 = Release|x64
		{A5F397D8-3483-4599-BFEF-60E088FD3115}.Release|x86.ActiveCfg = Release|x86
		{A5F397D8-3483-4599-BFEF-60E088FD3115}.Release|x86.Build.0 = Release|x86
		{127C00AD-493C-4A52-8A39-1A30D48B0C9B}.Debug|Any CPU.ActiveCfg = Debug|Any CPU
		{127C00AD-493C-4A52-8A39-1A30D48B0C9B}.Debug|Any CPU.Build.0 = Debug|Any CPU
		{127C00AD-493C-4A52-8A39-1A30D48B0C9B}.Debug|x64.ActiveCfg = Debug|x64
		{127C00AD-493C-4A52-8A39-1A30D48B0C9B}.Debug|x64.Build.0 = Debug|x64
		{127C00AD-493C-4A52-8A39-1A30D48B0C9B}.Debug|x86.ActiveCfg = Debug|x86
		{127C00AD-493C-4A52-8A39-1A30D48B0C9B}.Debug|x86.Build.0 = Debug|x86
		{127C00AD-493C-4A52-8A39-1A30D48B0C9B}.Release|Any CPU.ActiveCfg = Release|Any CPU
		{127C00AD-493C-4A52-8A39-1A30D48B0C9B}.Release|Any CPU.Build.0 = Release|Any CPU
		{127C00AD-493C-4A52-8A39-1A30D48B0C9B}.Release|x64.ActiveCfg = Release|x64
		{127C00AD-493C-4A52-8A39-1A30D48B0C9B}.Release|x64.Build.0 = Release|x64
		{127C00AD-493C-4A52-8A39-1A30D48B0C9B}.Release|x86.ActiveCfg = Release|x86
		{127C00AD-493C-4A52-8A39-1A30D48B0C9B}.Release|x86.Build.0 = Release|x86
		{0F73E9E9-72AE-45D9-BADB-7A1A54063977}.Debug|Any CPU.ActiveCfg = Debug|Any CPU
		{0F73E9E9-72AE-45D9-BADB-7A1A54063977}.Debug|Any CPU.Build.0 = Debug|Any CPU
		{0F73E9E9-72AE-45D9-BADB-7A1A54063977}.Debug|x64.ActiveCfg = Debug|x64
		{0F73E9E9-72AE-45D9-BADB-7A1A54063977}.Debug|x64.Build.0 = Debug|x64
		{0F73E9E9-72AE-45D9-BADB-7A1A54063977}.Debug|x86.ActiveCfg = Debug|x86
		{0F73E9E9-72AE-45D9-BADB-7A1A54063977}.Debug|x86.Build.0 = Debug|x86
		{0F73E9E9-72AE-45D9-BADB-7A1A54063977}.Release|Any CPU.ActiveCfg = Release|Any CPU
		{0F73E9E9-72AE-45D9-BADB-7A1A54063977}.Release|Any CPU.Build.0 = Release|Any CPU
		{0F73E9E9-72AE-45D9-BADB-7A1A54063977}.Release|x64.ActiveCfg = Release|x64
		{0F73E9E9-72AE-45D9-BADB-7A1A54063977}.Release|x64.Build.0 = Release|x64
		{0F73E9E9-72AE-45D9-BADB-7A1A54063977}.Release|x86.ActiveCfg = Release|x86
		{0F73E9E9-72AE-45D9-BADB-7A1A54063977}.Release|x86.Build.0 = Release|x86
		{31EDB46C-55FF-4456-9262-D52D4B6DE271}.Debug|Any CPU.ActiveCfg = Debug|Any CPU
		{31EDB46C-55FF-4456-9262-D52D4B6DE271}.Debug|Any CPU.Build.0 = Debug|Any CPU
		{31EDB46C-55FF-4456-9262-D52D4B6DE271}.Debug|x64.ActiveCfg = Debug|x64
		{31EDB46C-55FF-4456-9262-D52D4B6DE271}.Debug|x64.Build.0 = Debug|x64
		{31EDB46C-55FF-4456-9262-D52D4B6DE271}.Debug|x86.ActiveCfg = Debug|x86
		{31EDB46C-55FF-4456-9262-D52D4B6DE271}.Debug|x86.Build.0 = Debug|x86
		{31EDB46C-55FF-4456-9262-D52D4B6DE271}.Release|Any CPU.ActiveCfg = Release|Any CPU
		{31EDB46C-55FF-4456-9262-D52D4B6DE271}.Release|Any CPU.Build.0 = Release|Any CPU
		{31EDB46C-55FF-4456-9262-D52D4B6DE271}.Release|x64.ActiveCfg = Release|x64
		{31EDB46C-55FF-4456-9262-D52D4B6DE271}.Release|x64.Build.0 = Release|x64
		{31EDB46C-55FF-4456-9262-D52D4B6DE271}.Release|x86.ActiveCfg = Release|x86
		{31EDB46C-55FF-4456-9262-D52D4B6DE271}.Release|x86.Build.0 = Release|x86
		{AF760781-DAF7-4479-9412-C9C43A59D092}.Debug|Any CPU.ActiveCfg = Debug|Any CPU
		{AF760781-DAF7-4479-9412-C9C43A59D092}.Debug|Any CPU.Build.0 = Debug|Any CPU
		{AF760781-DAF7-4479-9412-C9C43A59D092}.Debug|x64.ActiveCfg = Debug|Any CPU
		{AF760781-DAF7-4479-9412-C9C43A59D092}.Debug|x64.Build.0 = Debug|Any CPU
		{AF760781-DAF7-4479-9412-C9C43A59D092}.Debug|x86.ActiveCfg = Debug|x86
		{AF760781-DAF7-4479-9412-C9C43A59D092}.Debug|x86.Build.0 = Debug|x86
		{AF760781-DAF7-4479-9412-C9C43A59D092}.Release|Any CPU.ActiveCfg = Release|Any CPU
		{AF760781-DAF7-4479-9412-C9C43A59D092}.Release|Any CPU.Build.0 = Release|Any CPU
		{AF760781-DAF7-4479-9412-C9C43A59D092}.Release|x64.ActiveCfg = Release|Any CPU
		{AF760781-DAF7-4479-9412-C9C43A59D092}.Release|x64.Build.0 = Release|Any CPU
		{AF760781-DAF7-4479-9412-C9C43A59D092}.Release|x86.ActiveCfg = Release|x86
		{AF760781-DAF7-4479-9412-C9C43A59D092}.Release|x86.Build.0 = Release|x86
		{ABF2CE0C-DC71-42EE-AFE1-5FCFEB98B9F0}.Debug|Any CPU.ActiveCfg = Debug|Any CPU
		{ABF2CE0C-DC71-42EE-AFE1-5FCFEB98B9F0}.Debug|Any CPU.Build.0 = Debug|Any CPU
		{ABF2CE0C-DC71-42EE-AFE1-5FCFEB98B9F0}.Debug|x64.ActiveCfg = Debug|Any CPU
		{ABF2CE0C-DC71-42EE-AFE1-5FCFEB98B9F0}.Debug|x64.Build.0 = Debug|Any CPU
		{ABF2CE0C-DC71-42EE-AFE1-5FCFEB98B9F0}.Debug|x86.ActiveCfg = Debug|x86
		{ABF2CE0C-DC71-42EE-AFE1-5FCFEB98B9F0}.Debug|x86.Build.0 = Debug|x86
		{ABF2CE0C-DC71-42EE-AFE1-5FCFEB98B9F0}.Release|Any CPU.ActiveCfg = Release|Any CPU
		{ABF2CE0C-DC71-42EE-AFE1-5FCFEB98B9F0}.Release|Any CPU.Build.0 = Release|Any CPU
		{ABF2CE0C-DC71-42EE-AFE1-5FCFEB98B9F0}.Release|x64.ActiveCfg = Release|Any CPU
		{ABF2CE0C-DC71-42EE-AFE1-5FCFEB98B9F0}.Release|x64.Build.0 = Release|Any CPU
		{ABF2CE0C-DC71-42EE-AFE1-5FCFEB98B9F0}.Release|x86.ActiveCfg = Release|x86
		{ABF2CE0C-DC71-42EE-AFE1-5FCFEB98B9F0}.Release|x86.Build.0 = Release|x86
		{69A6CADE-BDDC-49D8-8777-D9B27DF5FCDB}.Debug|Any CPU.ActiveCfg = Debug|Any CPU
		{69A6CADE-BDDC-49D8-8777-D9B27DF5FCDB}.Debug|Any CPU.Build.0 = Debug|Any CPU
		{69A6CADE-BDDC-49D8-8777-D9B27DF5FCDB}.Debug|x64.ActiveCfg = Debug|Any CPU
		{69A6CADE-BDDC-49D8-8777-D9B27DF5FCDB}.Debug|x64.Build.0 = Debug|Any CPU
		{69A6CADE-BDDC-49D8-8777-D9B27DF5FCDB}.Debug|x86.ActiveCfg = Debug|x86
		{69A6CADE-BDDC-49D8-8777-D9B27DF5FCDB}.Debug|x86.Build.0 = Debug|x86
		{69A6CADE-BDDC-49D8-8777-D9B27DF5FCDB}.Release|Any CPU.ActiveCfg = Release|Any CPU
		{69A6CADE-BDDC-49D8-8777-D9B27DF5FCDB}.Release|Any CPU.Build.0 = Release|Any CPU
		{69A6CADE-BDDC-49D8-8777-D9B27DF5FCDB}.Release|x64.ActiveCfg = Release|Any CPU
		{69A6CADE-BDDC-49D8-8777-D9B27DF5FCDB}.Release|x64.Build.0 = Release|Any CPU
		{69A6CADE-BDDC-49D8-8777-D9B27DF5FCDB}.Release|x86.ActiveCfg = Release|x86
		{69A6CADE-BDDC-49D8-8777-D9B27DF5FCDB}.Release|x86.Build.0 = Release|x86
		{E46AB82E-5320-40E0-A15C-805F9BEB92E9}.Debug|Any CPU.ActiveCfg = Debug|Any CPU
		{E46AB82E-5320-40E0-A15C-805F9BEB92E9}.Debug|Any CPU.Build.0 = Debug|Any CPU
		{E46AB82E-5320-40E0-A15C-805F9BEB92E9}.Debug|x64.ActiveCfg = Debug|Any CPU
		{E46AB82E-5320-40E0-A15C-805F9BEB92E9}.Debug|x64.Build.0 = Debug|Any CPU
		{E46AB82E-5320-40E0-A15C-805F9BEB92E9}.Debug|x86.ActiveCfg = Debug|x86
		{E46AB82E-5320-40E0-A15C-805F9BEB92E9}.Debug|x86.Build.0 = Debug|x86
		{E46AB82E-5320-40E0-A15C-805F9BEB92E9}.Release|Any CPU.ActiveCfg = Release|Any CPU
		{E46AB82E-5320-40E0-A15C-805F9BEB92E9}.Release|Any CPU.Build.0 = Release|Any CPU
		{E46AB82E-5320-40E0-A15C-805F9BEB92E9}.Release|x64.ActiveCfg = Release|Any CPU
		{E46AB82E-5320-40E0-A15C-805F9BEB92E9}.Release|x64.Build.0 = Release|Any CPU
		{E46AB82E-5320-40E0-A15C-805F9BEB92E9}.Release|x86.ActiveCfg = Release|x86
		{E46AB82E-5320-40E0-A15C-805F9BEB92E9}.Release|x86.Build.0 = Release|x86
	EndGlobalSection
	GlobalSection(SolutionProperties) = preSolution
		HideSolutionNode = FALSE
	EndGlobalSection
EndGlobal
